
Microsoft Visual Studio Solution File, Format Version 12.00
Project("{FAE04EC0-301F-11D3-BF4B-00C04F79EFBC}") = "TraceviewZobalesaz", "src\TraceviewZobalesaz\TraceviewZobalesaz.csproj", "{A566A31D-8DA0-4C32-9472-B8EA93E7166E}"
EndProject
Global
	GlobalSection(SolutionConfigurationPlatforms) = preSolution
		Debug|Any CPU = Debug|Any CPU
		Release|Any CPU = Release|Any CPU
	EndGlobalSection
	GlobalSection(ProjectConfigurationPlatforms) = postSolution
		{A566A31D-8DA0-4C32-9472-B8EA93E7166E}.Debug|Any CPU.ActiveCfg = Debug|Any CPU
		{A566A31D-8DA0-4C32-9472-B8EA93E7166E}.Debug|Any CPU.Build.0 = Debug|Any CPU
		{A566A31D-8DA0-4C32-9472-B8EA93E7166E}.Release|Any CPU.ActiveCfg = Release|Any CPU
		{A566A31D-8DA0-4C32-9472-B8EA93E7166E}.Release|Any CPU.Build.0 = Release|Any CPU
	EndGlobalSection
EndGlobal
